# THIS IS AN AUTOGENERATED FILE. DO NOT EDIT THIS FILE DIRECTLY.
# yarn lockfile v1


"@rollup/pluginutils@^4.1.0":
  version "4.1.0"
  resolved "https://registry.yarnpkg.com/@rollup/pluginutils/-/pluginutils-4.1.0.tgz#0dcc61c780e39257554feb7f77207dceca13c838"
  integrity sha512-TrBhfJkFxA+ER+ew2U2/fHbebhLT/l/2pRk0hfj9KusXUuRXd2v0R58AfaZK9VXDQ4TogOSEmICVrQAA3zFnHQ==
  dependencies:
    estree-walker "^2.0.1"
    picomatch "^2.2.2"

"@sveltejs/vite-plugin-svelte@^1.0.0-next.11":
  version "1.0.0-next.11"
  resolved "https://registry.yarnpkg.com/@sveltejs/vite-plugin-svelte/-/vite-plugin-svelte-1.0.0-next.11.tgz#1a415a1c4b1642a452e073438c63a73cfd203b51"
  integrity sha512-EYR1I145k5rflVqhPwk3442m3bkYimTKSHM9uO5KdomXzt+GS9ZSBJQE3/wy1Di9V8OnGa3oKpckI3OZsHkTIA==
  dependencies:
    "@rollup/pluginutils" "^4.1.0"
    chalk "^4.1.1"
    debug "^4.3.2"
    require-relative "^0.8.7"
    svelte-hmr "^0.14.4"

ansi-styles@^4.1.0:
  version "4.3.0"
  resolved "https://registry.npmjs.org/ansi-styles/-/ansi-styles-4.3.0.tgz#edd803628ae71c04c85ae7a0906edad34b648937"
  integrity sha512-zbB9rCJAT1rbjiVDb2hqKFHNYLxgtk8NURxZ3IZwD3F6NtxbXZQCnnSi1Lkx+IDohdPlFp222wVALIheZJQSEg==
  dependencies:
    color-convert "^2.0.1"

chalk@^4.1.1:
  version "4.1.1"
  resolved "https://registry.yarnpkg.com/chalk/-/chalk-4.1.1.tgz#c80b3fab28bf6371e6863325eee67e618b77e6ad"
  integrity sha512-diHzdDKxcU+bAsUboHLPEDQiw0qEe0qd7SYUn3HgcFlWgbDcfLGswOHYeGrHKzG9z6UYf01d9VFMfZxPM1xZSg==
  dependencies:
    ansi-styles "^4.1.0"
    supports-color "^7.1.0"

color-convert@^2.0.1:
  version "2.0.1"
  resolved "https://registry.npmjs.org/color-convert/-/color-convert-2.0.1.tgz#72d3a68d598c9bdb3af2ad1e84f21d896abd4de3"
  integrity sha512-RRECPsj7iu/xb5oKYcsFHSppFNnsj/52OVTRKb4zP5onXwVF3zVmmToNcOfGC+CRDpfK/U584fMg38ZHCaElKQ==
  dependencies:
    color-name "~1.1.4"

color-name@~1.1.4:
  version "1.1.4"
  resolved "https://registry.npmjs.org/color-name/-/color-name-1.1.4.tgz#c2a09a87acbde69543de6f63fa3995c826c536a2"
  integrity sha512-dOy+3AuW3a2wNbZHIuMZpTcgjGuLU/uBL/ubcZF9OXbDo8ff4O8yVp5Bf0efS8uEoYo5q4Fx7dY9OgQGXgAsQA==

colorette@^1.2.2:
  version "1.2.2"
  resolved "https://registry.yarnpkg.com/colorette/-/colorette-1.2.2.tgz#cbcc79d5e99caea2dbf10eb3a26fd8b3e6acfa94"
  integrity sha512-MKGMzyfeuutC/ZJ1cba9NqcNpfeqMUcYmyF1ZFY6/Cn7CNSAKx6a+s48sqLqyAiZuaP2TcqMhoo+dlwFnVxT9w==

debug@^4.3.2:
  version "4.3.2"
  resolved "https://registry.yarnpkg.com/debug/-/debug-4.3.2.tgz#f0a49c18ac8779e31d4a0c6029dfb76873c7428b"
  integrity sha512-mOp8wKcvj7XxC78zLgw/ZA+6TSgkoE2C/ienthhRD298T7UNwAg9diBpLRxC0mOezLl4B0xV7M0cCO6P/O0Xhw==
  dependencies:
    ms "2.1.2"

esbuild@^0.12.5:
  version "0.12.7"
  resolved "https://registry.yarnpkg.com/esbuild/-/esbuild-0.12.7.tgz#0243ff94b241d9c815720083633731bc5b601b24"
  integrity sha512-vxENKWBo928ErLiT/uUv8Sl2EoC5cF3cZzCTc8hDEh9ZAZ75xblJCr72NeJo74lxWaGopIePZPIWq1qDpLUHQQ==

estree-walker@^2.0.1:
  version "2.0.2"
  resolved "https://registry.yarnpkg.com/estree-walker/-/estree-walker-2.0.2.tgz#52f010178c2a4c117a7757cfe942adb7d2da4cac"
  integrity sha512-Rfkk/Mp/DL7JVje3u18FxFujQlTNR2q6QfMSMB7AvCBx91NGj/ba3kCfza0f6dVDbw7YlRf/nDrn7pQrCCyQ/w==

fsevents@~2.3.1:
  version "2.3.2"
  resolved "https://registry.yarnpkg.com/fsevents/-/fsevents-2.3.2.tgz#8a526f78b8fdf4623b709e0b975c52c24c02fd1a"
  integrity sha512-xiqMQR4xAeHTuB9uWm+fFRcIOgKBMiOBP+eXiyT7jsgVCq1bkVygt00oASowB7EdtpOHaaPgKt812P9ab+DDKA==

function-bind@^1.1.1:
  version "1.1.1"
  resolved "https://registry.yarnpkg.com/function-bind/-/function-bind-1.1.1.tgz#a56899d3ea3c9bab874bb9773b7c5ede92f4895d"
  integrity sha512-yIovAzMX49sF8Yl58fSCWJ5svSLuaibPxXQJFLmBObTuCr0Mf1KiPopGM9NiFjiYBCbfaa2Fh6breQ6ANVTI0A==

has-flag@^4.0.0:
  version "4.0.0"
  resolved "https://registry.npmjs.org/has-flag/-/has-flag-4.0.0.tgz#944771fd9c81c81265c4d6941860da06bb59479b"
  integrity sha512-EykJT/Q1KjTWctppgIAgfSO0tKVuZUjhgMr17kqTumMl6Afv3EISleU7qZUzoXDFTAHTDC4NOoG/ZxU3EvlMPQ==

has@^1.0.3:
  version "1.0.3"
  resolved "https://registry.yarnpkg.com/has/-/has-1.0.3.tgz#722d7cbfc1f6aa8241f16dd814e011e1f41e8796"
  integrity sha512-f2dvO0VU6Oej7RkWJGrehjbzMAjFp5/VKPp5tTpWIV4JHHZK1/BxbFRtf/siA2SWTe09caDmVtYYzWEIbBS4zw==
  dependencies:
    function-bind "^1.1.1"

is-core-module@^2.2.0:
  version "2.2.0"
  resolved "https://registry.yarnpkg.com/is-core-module/-/is-core-module-2.2.0.tgz#97037ef3d52224d85163f5597b2b63d9afed981a"
  integrity sha512-XRAfAdyyY5F5cOXn7hYQDqh2Xmii+DEfIcQGxK/uNwMHhIkPWO0g8msXcbzLe+MpGoR951MlqM/2iIlU4vKDdQ==
  dependencies:
    has "^1.0.3"

ms@2.1.2:
  version "2.1.2"
  resolved "https://registry.yarnpkg.com/ms/-/ms-2.1.2.tgz#d09d1f357b443f493382a8eb3ccd183872ae6009"
  integrity sha512-sGkPx+VjMtmA6MX27oA4FBFELFCZZ4S4XqeGOXCv68tT+jb3vk/RyaKWP0PTKyWtmLSM0b+adUTEvbs1PEaH2w==

nanoid@^3.1.23:
  version "3.1.23"
  resolved "https://registry.yarnpkg.com/nanoid/-/nanoid-3.1.23.tgz#f744086ce7c2bc47ee0a8472574d5c78e4183a81"
  integrity sha512-FiB0kzdP0FFVGDKlRLEQ1BgDzU87dy5NnzjeW9YZNt+/c3+q82EQDUwniSAUxp/F0gFNI1ZhKU1FqYsMuqZVnw==

path-parse@^1.0.6:
  version "1.0.6"
  resolved "https://registry.yarnpkg.com/path-parse/-/path-parse-1.0.6.tgz#d62dbb5679405d72c4737ec58600e9ddcf06d24c"
  integrity sha512-GSmOT2EbHrINBf9SR7CDELwlJ8AENk3Qn7OikK4nFYAu3Ote2+JYNVvkpAEQm3/TLNEJFD/xZJjzyxg3KBWOzw==

picomatch@^2.2.2:
  version "2.2.3"
  resolved "https://registry.yarnpkg.com/picomatch/-/picomatch-2.2.3.tgz#465547f359ccc206d3c48e46a1bcb89bf7ee619d"
  integrity sha512-KpELjfwcCDUb9PeigTs2mBJzXUPzAuP2oPcA989He8Rte0+YUAjw1JVedDhuTKPkHjSYzMN3npC9luThGYEKdg==

postcss@^8.3.0:
  version "8.3.0"
  resolved "https://registry.yarnpkg.com/postcss/-/postcss-8.3.0.tgz#b1a713f6172ca427e3f05ef1303de8b65683325f"
  integrity sha512-+ogXpdAjWGa+fdYY5BQ96V/6tAo+TdSSIMP5huJBIygdWwKtVoB5JWZ7yUd4xZ8r+8Kvvx4nyg/PQ071H4UtcQ==
  dependencies:
    colorette "^1.2.2"
    nanoid "^3.1.23"
    source-map-js "^0.6.2"

require-relative@^0.8.7:
  version "0.8.7"
  resolved "https://registry.yarnpkg.com/require-relative/-/require-relative-0.8.7.tgz#7999539fc9e047a37928fa196f8e1563dabd36de"
  integrity sha1-eZlTn8ngR6N5KPoZb44VY9q9Nt4=

resolve@^1.19.0:
  version "1.20.0"
  resolved "https://registry.yarnpkg.com/resolve/-/resolve-1.20.0.tgz#629a013fb3f70755d6f0b7935cc1c2c5378b1975"
  integrity sha512-wENBPt4ySzg4ybFQW2TT1zMQucPK95HSh/nq2CFTZVOGut2+pQvSsgtda4d26YrYcr067wjbmzOG8byDPBX63A==
  dependencies:
    is-core-module "^2.2.0"
    path-parse "^1.0.6"

rollup@^2.38.5:
  version "2.45.2"
  resolved "https://registry.yarnpkg.com/rollup/-/rollup-2.45.2.tgz#8fb85917c9f35605720e92328f3ccbfba6f78b48"
  integrity sha512-kRRU7wXzFHUzBIv0GfoFFIN3m9oteY4uAsKllIpQDId5cfnkWF2J130l+27dzDju0E6MScKiV0ZM5Bw8m4blYQ==
  optionalDependencies:
    fsevents "~2.3.1"

source-map-js@^0.6.2:
  version "0.6.2"
  resolved "https://registry.yarnpkg.com/source-map-js/-/source-map-js-0.6.2.tgz#0bb5de631b41cfbda6cfba8bd05a80efdfd2385e"
  integrity sha512-/3GptzWzu0+0MBQFrDKzw/DvvMTUORvgY6k6jd/VS6iCR4RDTKWH6v6WPwQoUO8667uQEf9Oe38DxAYWY5F/Ug==

supports-color@^7.1.0:
  version "7.2.0"
  resolved "https://registry.npmjs.org/supports-color/-/supports-color-7.2.0.tgz#1b7dcdcb32b8138801b3e478ba6a51caa89648da"
  integrity sha512-qpCAvRl9stuOHveKsn7HncJRvv501qIacKzQlO/+Lwxc9+0q2wLyv4Dfvt80/DPn2pqOBsJdDiogXGR9+OvwRw==
  dependencies:
    has-flag "^4.0.0"

svelte-hmr@^0.14.4:
  version "0.14.4"
  resolved "https://registry.yarnpkg.com/svelte-hmr/-/svelte-hmr-0.14.4.tgz#b7ef2bfeef23916e0e912828c50645ca572ac355"
  integrity sha512-kItFF7vqzStckSigoFmMnxJpTOdB9TWnQAW6Js+yAB4277tLbJIIE5KBlGHNmJNpA7MguqidsPB27Uw5UzQPCA==

svelte-intersection-observer@^0.7.0:
  version "0.7.0"
  resolved "https://registry.yarnpkg.com/svelte-intersection-observer/-/svelte-intersection-observer-0.7.0.tgz#15a463ae63f47d60ffbdf7ba96056c24a9d67109"
  integrity sha512-i8nbGR1PKdq2ViuzJW6qGu+jy+J0MnlIv/u3CEqssIn5InRNQUU0Z9O9hJbTACMp3e966wU2plFMvl+X3AbmJg==

svelte@^3.38.2:
  version "3.38.2"
  resolved "https://registry.yarnpkg.com/svelte/-/svelte-3.38.2.tgz#55e5c681f793ae349b5cc2fe58e5782af4275ef5"
  integrity sha512-q5Dq0/QHh4BLJyEVWGe7Cej5NWs040LWjMbicBGZ+3qpFWJ1YObRmUDZKbbovddLC9WW7THTj3kYbTOFmU9fbg==

vite@^2.3.7:
  version "2.3.7"
  resolved "https://registry.yarnpkg.com/vite/-/vite-2.3.7.tgz#3023892419367465e1af1739578f8663d04243b2"
  integrity sha512-Y0xRz11MPYu/EAvzN94+FsOZHbSvO6FUvHv127CyG7mV6oDoay2bw+g5y9wW3Blf8OY3chaz3nc/DcRe1IQ3Nw==
  dependencies:
    esbuild "^0.12.5"
    postcss "^8.3.0"
    resolve "^1.19.0"
    rollup "^2.38.5"
  optionalDependencies:
    fsevents "~2.3.1"
